
Microsoft Visual Studio Solution File, Format Version 12.00
# Visual Studio 15
VisualStudioVersion = 15.0.28307.168
MinimumVisualStudioVersion = 10.0.40219.1
Project("{FAE04EC0-301F-11D3-BF4B-00C04F79EFBC}") = "LearningAsync", "LearningAsync\LearningAsync.csproj", "{66D4A9F1-0379-47A8-9917-EFF62B5DBD48}"
EndProject
Global
	GlobalSection(SolutionConfigurationPlatforms) = preSolution
		Debug|Any CPU = Debug|Any CPU
		Release|Any CPU = Release|Any CPU
	EndGlobalSection
	GlobalSection(ProjectConfigurationPlatforms) = postSolution
		{66D4A9F1-0379-47A8-9917-EFF62B5DBD48}.Debug|Any CPU.ActiveCfg = Debug|Any CPU
		{66D4A9F1-0379-47A8-9917-EFF62B5DBD48}.Debug|Any CPU.Build.0 = Debug|Any CPU
		{66D4A9F1-0379-47A8-9917-EFF62B5DBD48}.Release|Any CPU.ActiveCfg = Release|Any CPU
		{66D4A9F1-0379-47A8-9917-EFF62B5DBD48}.Release|Any CPU.Build.0 = Release|Any CPU
	EndGlobalSection
	GlobalSection(SolutionProperties) = preSolution
		HideSolutionNode = FALSE
	EndGlobalSection
	GlobalSection(ExtensibilityGlobals) = postSolution
		SolutionGuid = {18C11646-9BBE-4274-947D-73BB7D21B74B}
	EndGlobalSection
EndGlobal
